// !$*UTF8*$!
{
	archiveVersion = 1;
	classes = {
	};
	objectVersion = 50;
	objects = {

/* Begin PBXBuildFile section */
		1117D06193AF46AA12359477 /* PBXNativeTarget.m in Sources */ = {isa = PBXBuildFile; fileRef = 1117D3FF9BE270C7B2CCEB30 /* PBXNativeTarget.m */; };
		1117D09CFEB13314D8CE0BF9 /* PBXCopyFilesBuildPhase.m in Sources */ = {isa = PBXBuildFile; fileRef = 1117D9706EABE0383337DBAD /* PBXCopyFilesBuildPhase.m */; };
		1117D1F84B392BF54403366B /* PBX.m in Sources */ = {isa = PBXBuildFile; fileRef = 1117D979FD9FB4CE9BF430A3 /* PBX.m */; };
		1117D267BC21D7FDDC9A1541 /* PBXBuildPhase.m in Sources */ = {isa = PBXBuildFile; fileRef = 1117D2162475774B77126037 /* PBXBuildPhase.m */; };
		1117D2BDB68BBAEFE921E43D /* PBXNativeTargetAttribs.m in Sources */ = {isa = PBXBuildFile; fileRef = 1117D9B0B33D1BF9AE80B692 /* PBXNativeTargetAttribs.m */; };
		1117D43498EA23DFD6D0D543 /* PBXHeadersBuildPhase.m in Sources */ = {isa = PBXBuildFile; fileRef = 1117D1F67FCB6469033B0EEA /* PBXHeadersBuildPhase.m */; };
		1117D4772D39586AF960DD58 /* PBXBuildRule.m in Sources */ = {isa = PBXBuildFile; fileRef = 1117DAA80573AEB6027BE7A7 /* PBXBuildRule.m */; };
		1117D7DA8005D2F2C69AE009 /* PBXTargetDependency.m in Sources */ = {isa = PBXBuildFile; fileRef = 1117D191274ADC12A2B876AF /* PBXTargetDependency.m */; };
		1117DA2DA5A61D0432588EA9 /* PBXFrameworksBuildPhase.m in Sources */ = {isa = PBXBuildFile; fileRef = 1117DCA333312BD952786B2E /* PBXFrameworksBuildPhase.m */; };
		1117DDF2F59B84E672EB9631 /* PBXSourcesBuildPhase.m in Sources */ = {isa = PBXBuildFile; fileRef = 1117D35B9193584F398361EA /* PBXSourcesBuildPhase.m */; };
		1117DF0B340626A2BE9C3235 /* PBXResourcesBuildPhase.m in Sources */ = {isa = PBXBuildFile; fileRef = 1117DF977869A19399F0B570 /* PBXResourcesBuildPhase.m */; };
		1117DFF8C05CE433704C6388 /* PBXTarget.m in Sources */ = {isa = PBXBuildFile; fileRef = 1117D2AFEA89BF78489D8737 /* PBXTarget.m */; };
		8303C62421A3173200B38FE2 /* main.m in Sources */ = {isa = PBXBuildFile; fileRef = 8303C62321A3173200B38FE2 /* main.m */; };
		8303C62C21A3175E00B38FE2 /* Rubicon.framework in Frameworks */ = {isa = PBXBuildFile; fileRef = 8303C62B21A3175E00B38FE2 /* Rubicon.framework */; };
		8303C64C21A317F500B38FE2 /* PBXFileReference.m in Sources */ = {isa = PBXBuildFile; fileRef = 8303C63121A317F300B38FE2 /* PBXFileReference.m */; };
		8303C64D21A317F500B38FE2 /* XCBuildConfiguration.m in Sources */ = {isa = PBXBuildFile; fileRef = 8303C63221A317F300B38FE2 /* XCBuildConfiguration.m */; };
		8303C65221A317F500B38FE2 /* PBXGroup.m in Sources */ = {isa = PBXBuildFile; fileRef = 8303C63E21A317F400B38FE2 /* PBXGroup.m */; };
		8303C65321A317F500B38FE2 /* PBXContainerItemProxy.m in Sources */ = {isa = PBXBuildFile; fileRef = 8303C64021A317F400B38FE2 /* PBXContainerItemProxy.m */; };
		8303C65421A317F500B38FE2 /* PBXBuildFile.m in Sources */ = {isa = PBXBuildFile; fileRef = 8303C64121A317F400B38FE2 /* PBXBuildFile.m */; };
		8303C65521A317F500B38FE2 /* XCConfigurationList.m in Sources */ = {isa = PBXBuildFile; fileRef = 8303C64221A317F400B38FE2 /* XCConfigurationList.m */; };
		8303C65621A317F500B38FE2 /* PBXProject.m in Sources */ = {isa = PBXBuildFile; fileRef = 8303C64421A317F400B38FE2 /* PBXProject.m */; };
/* End PBXBuildFile section */

/* Begin PBXBuildRule section */
		8364C2B421A5EB0D004EDC8D /* PBXBuildRule */ = {
			isa = PBXBuildRule;
			compilerSpec = com.apple.compilers.proxy.script;
			fileType = text.plist.strings;
			isEditable = 1;
			outputFiles = (
				"$(DERIVED_FILE_DIR)/newOutputFile",
			);
			outputFilesCompilerFlags = (
				"-a",
			);
			script = "# builtin-copyStrings\n";
		};
/* End PBXBuildRule section */

/* Begin PBXCopyFilesBuildPhase section */
		8303C61E21A3173200B38FE2 /* CopyFiles */ = {
			isa = PBXCopyFilesBuildPhase;
			buildActionMask = 2147483647;
			dstPath = /usr/share/man/man1/;
			dstSubfolderSpec = 0;
			files = (
			);
			runOnlyForDeploymentPostprocessing = 1;
		};
/* End PBXCopyFilesBuildPhase section */

/* Begin PBXFileReference section */
		1117D1086E3BE4CB4E67B1F0 /* PBXTargetDependency.h */ = {isa = PBXFileReference; fileEncoding = 4; lastKnownFileType = sourcecode.c.h; path = PBXTargetDependency.h; sourceTree = "<group>"; };
		1117D191274ADC12A2B876AF /* PBXTargetDependency.m */ = {isa = PBXFileReference; fileEncoding = 4; lastKnownFileType = sourcecode.c.objc; path = PBXTargetDependency.m; sourceTree = "<group>"; };
		1117D1BFCB55CC7313BD3BCA /* PBXCopyFilesBuildPhase.h */ = {isa = PBXFileReference; fileEncoding = 4; lastKnownFileType = sourcecode.c.h; path = PBXCopyFilesBuildPhase.h; sourceTree = "<group>"; };
		1117D1F67FCB6469033B0EEA /* PBXHeadersBuildPhase.m */ = {isa = PBXFileReference; fileEncoding = 4; lastKnownFileType = sourcecode.c.objc; path = PBXHeadersBuildPhase.m; sourceTree = "<group>"; };
		1117D2162475774B77126037 /* PBXBuildPhase.m */ = {isa = PBXFileReference; fileEncoding = 4; lastKnownFileType = sourcecode.c.objc; path = PBXBuildPhase.m; sourceTree = "<group>"; };
		1117D2AFEA89BF78489D8737 /* PBXTarget.m */ = {isa = PBXFileReference; fileEncoding = 4; lastKnownFileType = sourcecode.c.objc; path = PBXTarget.m; sourceTree = "<group>"; };
		1117D35B9193584F398361EA /* PBXSourcesBuildPhase.m */ = {isa = PBXFileReference; fileEncoding = 4; lastKnownFileType = sourcecode.c.objc; path = PBXSourcesBuildPhase.m; sourceTree = "<group>"; };
		1117D3FF9BE270C7B2CCEB30 /* PBXNativeTarget.m */ = {isa = PBXFileReference; fileEncoding = 4; lastKnownFileType = sourcecode.c.objc; path = PBXNativeTarget.m; sourceTree = "<group>"; };
		1117D44E388BC012BC3B18C9 /* PBXNativeTarget.h */ = {isa = PBXFileReference; fileEncoding = 4; lastKnownFileType = sourcecode.c.h; path = PBXNativeTarget.h; sourceTree = "<group>"; };
		1117D4DFF493F611E18A61FB /* Sample.xml */ = {isa = PBXFileReference; fileEncoding = 4; lastKnownFileType = text.xml; path = Sample.xml; sourceTree = "<group>"; };
		1117D4FCCC8DB7270A0523EF /* PBX.h */ = {isa = PBXFileReference; fileEncoding = 4; lastKnownFileType = sourcecode.c.h; path = PBX.h; sourceTree = "<group>"; };
		1117D68CBED0DCE84D572C28 /* PBXHeadersBuildPhase.h */ = {isa = PBXFileReference; fileEncoding = 4; lastKnownFileType = sourcecode.c.h; path = PBXHeadersBuildPhase.h; sourceTree = "<group>"; };
		1117D6E8E65390D4C702838B /* PBXBuildRule.h */ = {isa = PBXFileReference; fileEncoding = 4; lastKnownFileType = sourcecode.c.h; path = PBXBuildRule.h; sourceTree = "<group>"; };
		1117D7B523A04B6292B45B0F /* PBXNativeTargetAttribs.h */ = {isa = PBXFileReference; fileEncoding = 4; lastKnownFileType = sourcecode.c.h; path = PBXNativeTargetAttribs.h; sourceTree = "<group>"; };
		1117D9706EABE0383337DBAD /* PBXCopyFilesBuildPhase.m */ = {isa = PBXFileReference; fileEncoding = 4; lastKnownFileType = sourcecode.c.objc; path = PBXCopyFilesBuildPhase.m; sourceTree = "<group>"; };
		1117D979FD9FB4CE9BF430A3 /* PBX.m */ = {isa = PBXFileReference; fileEncoding = 4; lastKnownFileType = sourcecode.c.objc; path = PBX.m; sourceTree = "<group>"; };
		1117D9B0B33D1BF9AE80B692 /* PBXNativeTargetAttribs.m */ = {isa = PBXFileReference; fileEncoding = 4; lastKnownFileType = sourcecode.c.objc; path = PBXNativeTargetAttribs.m; sourceTree = "<group>"; };
		1117DAA80573AEB6027BE7A7 /* PBXBuildRule.m */ = {isa = PBXFileReference; fileEncoding = 4; lastKnownFileType = sourcecode.c.objc; path = PBXBuildRule.m; sourceTree = "<group>"; };
		1117DC1E9AE70A4A33D40142 /* PBXResourcesBuildPhase.h */ = {isa = PBXFileReference; fileEncoding = 4; lastKnownFileType = sourcecode.c.h; path = PBXResourcesBuildPhase.h; sourceTree = "<group>"; };
		1117DC7FD017F7532173F54B /* PBXFrameworksBuildPhase.h */ = {isa = PBXFileReference; fileEncoding = 4; lastKnownFileType = sourcecode.c.h; path = PBXFrameworksBuildPhase.h; sourceTree = "<group>"; };
		1117DCA333312BD952786B2E /* PBXFrameworksBuildPhase.m */ = {isa = PBXFileReference; fileEncoding = 4; lastKnownFileType = sourcecode.c.objc; path = PBXFrameworksBuildPhase.m; sourceTree = "<group>"; };
		1117DCE85CD737DB092C159E /* PBXTarget.h */ = {isa = PBXFileReference; fileEncoding = 4; lastKnownFileType = sourcecode.c.h; path = PBXTarget.h; sourceTree = "<group>"; };
		1117DDA7151C683EFC277BAC /* PBXBuildPhase.h */ = {isa = PBXFileReference; fileEncoding = 4; lastKnownFileType = sourcecode.c.h; path = PBXBuildPhase.h; sourceTree = "<group>"; };
		1117DDCC5571466DD7B12C26 /* PBXSourcesBuildPhase.h */ = {isa = PBXFileReference; fileEncoding = 4; lastKnownFileType = sourcecode.c.h; path = PBXSourcesBuildPhase.h; sourceTree = "<group>"; };
		1117DF37CA66459390DB0A0B /* Sample.plist */ = {isa = PBXFileReference; fileEncoding = 4; lastKnownFileType = text.plist; path = Sample.plist; sourceTree = SOURCE_ROOT; };
		1117DF977869A19399F0B570 /* PBXResourcesBuildPhase.m */ = {isa = PBXFileReference; fileEncoding = 4; lastKnownFileType = sourcecode.c.objc; path = PBXResourcesBuildPhase.m; sourceTree = "<group>"; };
		8303C62021A3173200B38FE2 /* PGPBXToCMake */ = {isa = PBXFileReference; explicitFileType = "compiled.mach-o.executable"; includeInIndex = 0; path = PGPBXToCMake; sourceTree = BUILT_PRODUCTS_DIR; };
		8303C62321A3173200B38FE2 /* main.m */ = {isa = PBXFileReference; lastKnownFileType = sourcecode.c.objc; path = main.m; sourceTree = "<group>"; };
		8303C62B21A3175E00B38FE2 /* Rubicon.framework */ = {isa = PBXFileReference; lastKnownFileType = wrapper.framework; name = Rubicon.framework; path = ../../../Library/Frameworks/Rubicon.framework; sourceTree = "<group>"; };
		8303C63021A317F300B38FE2 /* PBXProject.h */ = {isa = PBXFileReference; fileEncoding = 4; lastKnownFileType = sourcecode.c.h; path = PBXProject.h; sourceTree = "<group>"; };
		8303C63121A317F300B38FE2 /* PBXFileReference.m */ = {isa = PBXFileReference; fileEncoding = 4; lastKnownFileType = sourcecode.c.objc; path = PBXFileReference.m; sourceTree = "<group>"; };
		8303C63221A317F300B38FE2 /* XCBuildConfiguration.m */ = {isa = PBXFileReference; fileEncoding = 4; lastKnownFileType = sourcecode.c.objc; path = XCBuildConfiguration.m; sourceTree = "<group>"; };
		8303C63321A317F300B38FE2 /* XCConfigurationList.h */ = {isa = PBXFileReference; fileEncoding = 4; lastKnownFileType = sourcecode.c.h; path = XCConfigurationList.h; sourceTree = "<group>"; };
		8303C63521A317F300B38FE2 /* PBXFileReference.h */ = {isa = PBXFileReference; fileEncoding = 4; lastKnownFileType = sourcecode.c.h; path = PBXFileReference.h; sourceTree = "<group>"; };
		8303C63821A317F300B38FE2 /* PBXBuildFile.h */ = {isa = PBXFileReference; fileEncoding = 4; lastKnownFileType = sourcecode.c.h; path = PBXBuildFile.h; sourceTree = "<group>"; };
		8303C63B21A317F400B38FE2 /* PBXGroup.h */ = {isa = PBXFileReference; fileEncoding = 4; lastKnownFileType = sourcecode.c.h; path = PBXGroup.h; sourceTree = "<group>"; };
		8303C63C21A317F400B38FE2 /* XCBuildConfiguration.h */ = {isa = PBXFileReference; fileEncoding = 4; lastKnownFileType = sourcecode.c.h; path = XCBuildConfiguration.h; sourceTree = "<group>"; };
		8303C63E21A317F400B38FE2 /* PBXGroup.m */ = {isa = PBXFileReference; fileEncoding = 4; lastKnownFileType = sourcecode.c.objc; path = PBXGroup.m; sourceTree = "<group>"; };
		8303C64021A317F400B38FE2 /* PBXContainerItemProxy.m */ = {isa = PBXFileReference; fileEncoding = 4; lastKnownFileType = sourcecode.c.objc; path = PBXContainerItemProxy.m; sourceTree = "<group>"; };
		8303C64121A317F400B38FE2 /* PBXBuildFile.m */ = {isa = PBXFileReference; fileEncoding = 4; lastKnownFileType = sourcecode.c.objc; path = PBXBuildFile.m; sourceTree = "<group>"; };
		8303C64221A317F400B38FE2 /* XCConfigurationList.m */ = {isa = PBXFileReference; fileEncoding = 4; lastKnownFileType = sourcecode.c.objc; path = XCConfigurationList.m; sourceTree = "<group>"; };
		8303C64421A317F400B38FE2 /* PBXProject.m */ = {isa = PBXFileReference; fileEncoding = 4; lastKnownFileType = sourcecode.c.objc; path = PBXProject.m; sourceTree = "<group>"; };
		8303C64521A317F400B38FE2 /* PBXContainerItemProxy.h */ = {isa = PBXFileReference; fileEncoding = 4; lastKnownFileType = sourcecode.c.h; path = PBXContainerItemProxy.h; sourceTree = "<group>"; };
/* End PBXFileReference section */

/* Begin PBXFrameworksBuildPhase section */
		8303C61D21A3173200B38FE2 /* Frameworks */ = {
			isa = PBXFrameworksBuildPhase;
			buildActionMask = 2147483647;
			files = (
				8303C62C21A3175E00B38FE2 /* Rubicon.framework in Frameworks */,
			);
			runOnlyForDeploymentPostprocessing = 0;
		};
/* End PBXFrameworksBuildPhase section */

/* Begin PBXGroup section */
		1117DEDF6A83DFC55475B041 /* Targets */ = {
			isa = PBXGroup;
			children = (
				1117D44E388BC012BC3B18C9 /* PBXNativeTarget.h */,
				1117D3FF9BE270C7B2CCEB30 /* PBXNativeTarget.m */,
				1117D2AFEA89BF78489D8737 /* PBXTarget.m */,
				1117DCE85CD737DB092C159E /* PBXTarget.h */,
				1117D7B523A04B6292B45B0F /* PBXNativeTargetAttribs.h */,
				1117D9B0B33D1BF9AE80B692 /* PBXNativeTargetAttribs.m */,
				1117D191274ADC12A2B876AF /* PBXTargetDependency.m */,
				1117D1086E3BE4CB4E67B1F0 /* PBXTargetDependency.h */,
			);
			name = Targets;
			sourceTree = "<group>";
		};
		1117DF1CD349AE83761D542B /* BuildPhases */ = {
			isa = PBXGroup;
			children = (
				1117DDA7151C683EFC277BAC /* PBXBuildPhase.h */,
				1117D2162475774B77126037 /* PBXBuildPhase.m */,
				1117D1BFCB55CC7313BD3BCA /* PBXCopyFilesBuildPhase.h */,
				1117D9706EABE0383337DBAD /* PBXCopyFilesBuildPhase.m */,
				1117DC7FD017F7532173F54B /* PBXFrameworksBuildPhase.h */,
				1117DCA333312BD952786B2E /* PBXFrameworksBuildPhase.m */,
				1117D68CBED0DCE84D572C28 /* PBXHeadersBuildPhase.h */,
				1117D1F67FCB6469033B0EEA /* PBXHeadersBuildPhase.m */,
				1117DC1E9AE70A4A33D40142 /* PBXResourcesBuildPhase.h */,
				1117DF977869A19399F0B570 /* PBXResourcesBuildPhase.m */,
				1117DDCC5571466DD7B12C26 /* PBXSourcesBuildPhase.h */,
				1117D35B9193584F398361EA /* PBXSourcesBuildPhase.m */,
			);
			name = BuildPhases;
			sourceTree = "<group>";
		};
		8303C61721A3173200B38FE2 = {
			isa = PBXGroup;
			children = (
				8303C62221A3173200B38FE2 /* PGPBXToCMake */,
				8303C62121A3173200B38FE2 /* Products */,
				8303C62A21A3175E00B38FE2 /* Frameworks */,
			);
			sourceTree = "<group>";
		};
		8303C62121A3173200B38FE2 /* Products */ = {
			isa = PBXGroup;
			children = (
				8303C62021A3173200B38FE2 /* PGPBXToCMake */,
			);
			name = Products;
			sourceTree = "<group>";
		};
		8303C62221A3173200B38FE2 /* PGPBXToCMake */ = {
			isa = PBXGroup;
			children = (
				8303C62D21A317B500B38FE2 /* PBX */,
				8303C62321A3173200B38FE2 /* main.m */,
				1117D4DFF493F611E18A61FB /* Sample.xml */,
				1117DF37CA66459390DB0A0B /* Sample.plist */,
			);
			path = PGPBXToCMake;
			sourceTree = "<group>";
		};
		8303C62A21A3175E00B38FE2 /* Frameworks */ = {
			isa = PBXGroup;
			children = (
				8303C62B21A3175E00B38FE2 /* Rubicon.framework */,
			);
			name = Frameworks;
			sourceTree = "<group>";
		};
		8303C62D21A317B500B38FE2 /* PBX */ = {
			isa = PBXGroup;
			children = (
				8303C63821A317F300B38FE2 /* PBXBuildFile.h */,
				8303C64121A317F400B38FE2 /* PBXBuildFile.m */,
				8303C64521A317F400B38FE2 /* PBXContainerItemProxy.h */,
				8303C64021A317F400B38FE2 /* PBXContainerItemProxy.m */,
				8303C63521A317F300B38FE2 /* PBXFileReference.h */,
				8303C63121A317F300B38FE2 /* PBXFileReference.m */,
				8303C63B21A317F400B38FE2 /* PBXGroup.h */,
				8303C63E21A317F400B38FE2 /* PBXGroup.m */,
				8303C63021A317F300B38FE2 /* PBXProject.h */,
				8303C64421A317F400B38FE2 /* PBXProject.m */,
				8303C63C21A317F400B38FE2 /* XCBuildConfiguration.h */,
				8303C63221A317F300B38FE2 /* XCBuildConfiguration.m */,
				8303C63321A317F300B38FE2 /* XCConfigurationList.h */,
				8303C64221A317F400B38FE2 /* XCConfigurationList.m */,
				1117D979FD9FB4CE9BF430A3 /* PBX.m */,
				1117D4FCCC8DB7270A0523EF /* PBX.h */,
				1117DAA80573AEB6027BE7A7 /* PBXBuildRule.m */,
				1117D6E8E65390D4C702838B /* PBXBuildRule.h */,
				1117DF1CD349AE83761D542B /* BuildPhases */,
				1117DEDF6A83DFC55475B041 /* Targets */,
			);
			path = PBX;
			sourceTree = "<group>";
		};
/* End PBXGroup section */

/* Begin PBXNativeTarget section */
		8303C61F21A3173200B38FE2 /* PGPBXToCMake */ = {
			isa = PBXNativeTarget;
			buildConfigurationList = 8303C62721A3173200B38FE2 /* Build configuration list for PBXNativeTarget "PGPBXToCMake" */;
			buildPhases = (
				8303C61C21A3173200B38FE2 /* Sources */,
				8303C61D21A3173200B38FE2 /* Frameworks */,
				8303C61E21A3173200B38FE2 /* CopyFiles */,
			);
			buildRules = (
				8364C2B421A5EB0D004EDC8D /* PBXBuildRule */,
			);
			dependencies = (
			);
			name = PGPBXToCMake;
			productName = PGPBXToCMake;
			productReference = 8303C62021A3173200B38FE2 /* PGPBXToCMake */;
			productType = "com.apple.product-type.tool";
		};
/* End PBXNativeTarget section */

/* Begin PBXProject section */
		8303C61821A3173200B38FE2 /* Project object */ = {
			isa = PBXProject;
			attributes = {
				CLASSPREFIX = "";
				LastUpgradeCheck = 1010;
				ORGANIZATIONNAME = "Project Galen";
				TargetAttributes = {
					8303C61F21A3173200B38FE2 = {
						CreatedOnToolsVersion = 10.1;
					};
				};
			};
			buildConfigurationList = 8303C61B21A3173200B38FE2 /* Build configuration list for PBXProject "PGPBXToCMake" */;
			compatibilityVersion = "Xcode 9.3";
			developmentRegion = en;
			hasScannedForEncodings = 0;
			knownRegions = (
				en,
			);
			mainGroup = 8303C61721A3173200B38FE2;
			productRefGroup = 8303C62121A3173200B38FE2 /* Products */;
			projectDirPath = "";
			projectRoot = "";
			targets = (
				8303C61F21A3173200B38FE2 /* PGPBXToCMake */,
			);
		};
/* End PBXProject section */

/* Begin PBXSourcesBuildPhase section */
		8303C61C21A3173200B38FE2 /* Sources */ = {
			isa = PBXSourcesBuildPhase;
			buildActionMask = 2147483647;
			files = (
				8303C65221A317F500B38FE2 /* PBXGroup.m in Sources */,
				8303C65621A317F500B38FE2 /* PBXProject.m in Sources */,
				8303C65521A317F500B38FE2 /* XCConfigurationList.m in Sources */,
				8303C64D21A317F500B38FE2 /* XCBuildConfiguration.m in Sources */,
				8303C65421A317F500B38FE2 /* PBXBuildFile.m in Sources */,
				8303C65321A317F500B38FE2 /* PBXContainerItemProxy.m in Sources */,
				8303C64C21A317F500B38FE2 /* PBXFileReference.m in Sources */,
				8303C62421A3173200B38FE2 /* main.m in Sources */,
				1117D1F84B392BF54403366B /* PBX.m in Sources */,
				1117D4772D39586AF960DD58 /* PBXBuildRule.m in Sources */,
				1117D267BC21D7FDDC9A1541 /* PBXBuildPhase.m in Sources */,
				1117D09CFEB13314D8CE0BF9 /* PBXCopyFilesBuildPhase.m in Sources */,
				1117DA2DA5A61D0432588EA9 /* PBXFrameworksBuildPhase.m in Sources */,
				1117D43498EA23DFD6D0D543 /* PBXHeadersBuildPhase.m in Sources */,
				1117DF0B340626A2BE9C3235 /* PBXResourcesBuildPhase.m in Sources */,
				1117DDF2F59B84E672EB9631 /* PBXSourcesBuildPhase.m in Sources */,
				1117D06193AF46AA12359477 /* PBXNativeTarget.m in Sources */,
				1117DFF8C05CE433704C6388 /* PBXTarget.m in Sources */,
				1117D2BDB68BBAEFE921E43D /* PBXNativeTargetAttribs.m in Sources */,
				1117D7DA8005D2F2C69AE009 /* PBXTargetDependency.m in Sources */,
			);
			runOnlyForDeploymentPostprocessing = 0;
		};
/* End PBXSourcesBuildPhase section */

/* Begin XCBuildConfiguration section */
		8303C62521A3173200B38FE2 /* Debug */ = {
			isa = XCBuildConfiguration;
			buildSettings = {
				ALWAYS_SEARCH_USER_PATHS = NO;
				CLANG_ANALYZER_NONNULL = YES;
				CLANG_ANALYZER_NUMBER_OBJECT_CONVERSION = YES_AGGRESSIVE;
				CLANG_CXX_LANGUAGE_STANDARD = "gnu++14";
				CLANG_CXX_LIBRARY = "libc++";
				CLANG_ENABLE_MODULES = YES;
				CLANG_ENABLE_OBJC_ARC = YES;
				CLANG_ENABLE_OBJC_WEAK = YES;
				CLANG_WARN_BLOCK_CAPTURE_AUTORELEASING = YES;
				CLANG_WARN_BOOL_CONVERSION = YES;
				CLANG_WARN_COMMA = YES;
				CLANG_WARN_CONSTANT_CONVERSION = YES;
				CLANG_WARN_DEPRECATED_OBJC_IMPLEMENTATIONS = YES;
				CLANG_WARN_DIRECT_OBJC_ISA_USAGE = YES_ERROR;
				CLANG_WARN_DOCUMENTATION_COMMENTS = YES;
				CLANG_WARN_EMPTY_BODY = YES;
				CLANG_WARN_ENUM_CONVERSION = YES;
				CLANG_WARN_INFINITE_RECURSION = YES;
				CLANG_WARN_INT_CONVERSION = YES;
				CLANG_WARN_NON_LITERAL_NULL_CONVERSION = YES;
				CLANG_WARN_OBJC_IMPLICIT_RETAIN_SELF = YES;
				CLANG_WARN_OBJC_LITERAL_CONVERSION = YES;
				CLANG_WARN_OBJC_ROOT_CLASS = YES_ERROR;
				CLANG_WARN_RANGE_LOOP_ANALYSIS = YES;
				CLANG_WARN_STRICT_PROTOTYPES = YES;
				CLANG_WARN_SUSPICIOUS_MOVE = YES;
				CLANG_WARN_UNGUARDED_AVAILABILITY = YES_AGGRESSIVE;
				CLANG_WARN_UNREACHABLE_CODE = YES;
				CLANG_WARN__DUPLICATE_METHOD_MATCH = YES;
				CODE_SIGN_IDENTITY = "Mac Developer";
				COPY_PHASE_STRIP = NO;
				DEBUG_INFORMATION_FORMAT = dwarf;
				ENABLE_STRICT_OBJC_MSGSEND = YES;
				ENABLE_TESTABILITY = YES;
				GCC_C_LANGUAGE_STANDARD = gnu11;
				GCC_DYNAMIC_NO_PIC = NO;
				GCC_NO_COMMON_BLOCKS = YES;
				GCC_OPTIMIZATION_LEVEL = 0;
				GCC_PREPROCESSOR_DEFINITIONS = (
					"DEBUG=1",
					"$(inherited)",
				);
				GCC_WARN_64_TO_32_BIT_CONVERSION = YES;
				GCC_WARN_ABOUT_RETURN_TYPE = YES_ERROR;
				GCC_WARN_UNDECLARED_SELECTOR = YES;
				GCC_WARN_UNINITIALIZED_AUTOS = YES_AGGRESSIVE;
				GCC_WARN_UNUSED_FUNCTION = YES;
				GCC_WARN_UNUSED_VARIABLE = YES;
				MACOSX_DEPLOYMENT_TARGET = 10.14;
				MTL_ENABLE_DEBUG_INFO = INCLUDE_SOURCE;
				MTL_FAST_MATH = YES;
				ONLY_ACTIVE_ARCH = YES;
				SDKROOT = macosx;
			};
			name = Debug;
		};
		8303C62621A3173200B38FE2 /* Release */ = {
			isa = XCBuildConfiguration;
			buildSettings = {
				ALWAYS_SEARCH_USER_PATHS = NO;
				CLANG_ANALYZER_NONNULL = YES;
				CLANG_ANALYZER_NUMBER_OBJECT_CONVERSION = YES_AGGRESSIVE;
				CLANG_CXX_LANGUAGE_STANDARD = "gnu++14";
				CLANG_CXX_LIBRARY = "libc++";
				CLANG_ENABLE_MODULES = YES;
				CLANG_ENABLE_OBJC_ARC = YES;
				CLANG_ENABLE_OBJC_WEAK = YES;
				CLANG_WARN_BLOCK_CAPTURE_AUTORELEASING = YES;
				CLANG_WARN_BOOL_CONVERSION = YES;
				CLANG_WARN_COMMA = YES;
				CLANG_WARN_CONSTANT_CONVERSION = YES;
				CLANG_WARN_DEPRECATED_OBJC_IMPLEMENTATIONS = YES;
				CLANG_WARN_DIRECT_OBJC_ISA_USAGE = YES_ERROR;
				CLANG_WARN_DOCUMENTATION_COMMENTS = YES;
				CLANG_WARN_EMPTY_BODY = YES;
				CLANG_WARN_ENUM_CONVERSION = YES;
				CLANG_WARN_INFINITE_RECURSION = YES;
				CLANG_WARN_INT_CONVERSION = YES;
				CLANG_WARN_NON_LITERAL_NULL_CONVERSION = YES;
				CLANG_WARN_OBJC_IMPLICIT_RETAIN_SELF = YES;
				CLANG_WARN_OBJC_LITERAL_CONVERSION = YES;
				CLANG_WARN_OBJC_ROOT_CLASS = YES_ERROR;
				CLANG_WARN_RANGE_LOOP_ANALYSIS = YES;
				CLANG_WARN_STRICT_PROTOTYPES = YES;
				CLANG_WARN_SUSPICIOUS_MOVE = YES;
				CLANG_WARN_UNGUARDED_AVAILABILITY = YES_AGGRESSIVE;
				CLANG_WARN_UNREACHABLE_CODE = YES;
				CLANG_WARN__DUPLICATE_METHOD_MATCH = YES;
				CODE_SIGN_IDENTITY = "Mac Developer";
				COPY_PHASE_STRIP = NO;
				DEBUG_INFORMATION_FORMAT = "dwarf-with-dsym";
				ENABLE_NS_ASSERTIONS = NO;
				ENABLE_STRICT_OBJC_MSGSEND = YES;
				GCC_C_LANGUAGE_STANDARD = gnu11;
				GCC_NO_COMMON_BLOCKS = YES;
				GCC_WARN_64_TO_32_BIT_CONVERSION = YES;
				GCC_WARN_ABOUT_RETURN_TYPE = YES_ERROR;
				GCC_WARN_UNDECLARED_SELECTOR = YES;
				GCC_WARN_UNINITIALIZED_AUTOS = YES_AGGRESSIVE;
				GCC_WARN_UNUSED_FUNCTION = YES;
				GCC_WARN_UNUSED_VARIABLE = YES;
				MACOSX_DEPLOYMENT_TARGET = 10.14;
				MTL_ENABLE_DEBUG_INFO = NO;
				MTL_FAST_MATH = YES;
				SDKROOT = macosx;
			};
			name = Release;
		};
		8303C62821A3173200B38FE2 /* Debug */ = {
			isa = XCBuildConfiguration;
			buildSettings = {
				CODE_SIGN_STYLE = Automatic;
				DEVELOPMENT_TEAM = Q5XWZ7S7E9;
				FRAMEWORK_SEARCH_PATHS = (
					"$(inherited)",
					"$(USER_LIBRARY_DIR)/Frameworks",
				);
				PRODUCT_NAME = "$(TARGET_NAME)";
			};
			name = Debug;
		};
		8303C62921A3173200B38FE2 /* Release */ = {
			isa = XCBuildConfiguration;
			buildSettings = {
				CODE_SIGN_STYLE = Automatic;
				DEVELOPMENT_TEAM = Q5XWZ7S7E9;
				FRAMEWORK_SEARCH_PATHS = (
					"$(inherited)",
					"$(USER_LIBRARY_DIR)/Frameworks",
				);
				PRODUCT_NAME = "$(TARGET_NAME)";
			};
			name = Release;
		};
/* End XCBuildConfiguration section */

/* Begin XCConfigurationList section */
		8303C61B21A3173200B38FE2 /* Build configuration list for PBXProject "PGPBXToCMake" */ = {
			isa = XCConfigurationList;
			buildConfigurations = (
				8303C62521A3173200B38FE2 /* Debug */,
				8303C62621A3173200B38FE2 /* Release */,
			);
			defaultConfigurationIsVisible = 0;
			defaultConfigurationName = Release;
		};
		8303C62721A3173200B38FE2 /* Build configuration list for PBXNativeTarget "PGPBXToCMake" */ = {
			isa = XCConfigurationList;
			buildConfigurations = (
				8303C62821A3173200B38FE2 /* Debug */,
				8303C62921A3173200B38FE2 /* Release */,
			);
			defaultConfigurationIsVisible = 0;
			defaultConfigurationName = Release;
		};
/* End XCConfigurationList section */
	};
	rootObject = 8303C61821A3173200B38FE2 /* Project object */;
}
